<Solution>
  <Folder Name="/src/">
    <Project Path="src/RedisEvents/RedisEvents.csproj" />
    <Project Path="src/RedisEvents.Web/RedisEvents.Web.csproj" />
  </Folder>
  <Folder Name="/tst/">
    <Project Path="tst/RedisEvents.UnitTests/RedisEvents.UnitTests.csproj" />
    <Project Path="tst/RedisEvents.Tests/RedisEvents.Tests.csproj" />
  </Folder>
</Solution>
